
Microsoft Visual Studio Solution File, Format Version 12.00
# Visual Studio 15
VisualStudioVersion = 15.0.27130.2020
MinimumVisualStudioVersion = 10.0.40219.1
Project("{FAE04EC0-301F-11D3-BF4B-00C04F79EFBC}") = "XamIntro.Android", "XamIntro\XamIntro.Android\XamIntro.Android.csproj", "{8BC7F7FC-CE3E-4E56-B086-C4EC209664C9}"
EndProject
Project("{FAE04EC0-301F-11D3-BF4B-00C04F79EFBC}") = "XamIntro.iOS", "XamIntro\XamIntro.iOS\XamIntro.iOS.csproj", "{77CEA23E-C88C-483C-915F-D6D9D9B0AC9A}"
EndProject
Project("{FAE04EC0-301F-11D3-BF4B-00C04F79EFBC}") = "XamIntro.UWP", "XamIntro\XamIntro.UWP\XamIntro.UWP.csproj", "{9C7111F4-698B-4FD7-B3DC-3F0DABAF976F}"
EndProject
Project("{D954291E-2A0B-460D-934E-DC6B0785DB48}") = "XamIntro", "XamIntro\XamIntro\XamIntro.shproj", "{78523A08-5AF7-47E5-9122-C21C62E8A90D}"
EndProject
Project("{2150E333-8FDC-42A3-9474-1A3956D46DE8}") = "Solution Items", "Solution Items", "{EB982DD7-EF1D-40CC-B3DD-9C709530EBB2}"
	ProjectSection(SolutionItems) = preProject
		ImageFigures\00StackLayour.PNG = ImageFigures\00StackLayour.PNG
		ImageFigures\01Grid.PNG = ImageFigures\01Grid.PNG
	EndProjectSection
EndProject
Global
	GlobalSection(SharedMSBuildProjectFiles) = preSolution
		XamIntro\XamIntro\XamIntro.projitems*{77cea23e-c88c-483c-915f-d6d9d9b0ac9a}*SharedItemsImports = 4
		XamIntro\XamIntro\XamIntro.projitems*{78523a08-5af7-47e5-9122-c21c62e8a90d}*SharedItemsImports = 13
		XamIntro\XamIntro\XamIntro.projitems*{8bc7f7fc-ce3e-4e56-b086-c4ec209664c9}*SharedItemsImports = 4
		XamIntro\XamIntro\XamIntro.projitems*{9c7111f4-698b-4fd7-b3dc-3f0dabaf976f}*SharedItemsImports = 4
	EndGlobalSection
	GlobalSection(SolutionConfigurationPlatforms) = preSolution
		Ad-Hoc|Any CPU = Ad-Hoc|Any CPU
		Ad-Hoc|ARM = Ad-Hoc|ARM
		Ad-Hoc|iPhone = Ad-Hoc|iPhone
		Ad-Hoc|iPhoneSimulator = Ad-Hoc|iPhoneSimulator
		Ad-Hoc|x64 = Ad-Hoc|x64
		Ad-Hoc|x86 = Ad-Hoc|x86
		AppStore|Any CPU = AppStore|Any CPU
		AppStore|ARM = AppStore|ARM
		AppStore|iPhone = AppStore|iPhone
		AppStore|iPhoneSimulator = AppStore|iPhoneSimulator
		AppStore|x64 = AppStore|x64
		AppStore|x86 = AppStore|x86
		Debug|Any CPU = Debug|Any CPU
		Debug|ARM = Debug|ARM
		Debug|iPhone = Debug|iPhone
		Debug|iPhoneSimulator = Debug|iPhoneSimulator
		Debug|x64 = Debug|x64
		Debug|x86 = Debug|x86
		Release|Any CPU = Release|Any CPU
		Release|ARM = Release|ARM
		Release|iPhone = Release|iPhone
		Release|iPhoneSimulator = Release|iPhoneSimulator
		Release|x64 = Release|x64
		Release|x86 = Release|x86
	EndGlobalSection
	GlobalSection(ProjectConfigurationPlatforms) = postSolution
		{8BC7F7FC-CE3E-4E56-B086-C4EC209664C9}.Ad-Hoc|Any CPU.ActiveCfg = Release|Any CPU
		{8BC7F7FC-CE3E-4E56-B086-C4EC209664C9}.Ad-Hoc|Any CPU.Build.0 = Release|Any CPU
		{8BC7F7FC-CE3E-4E56-B086-C4EC209664C9}.Ad-Hoc|Any CPU.Deploy.0 = Release|Any CPU
		{8BC7F7FC-CE3E-4E56-B086-C4EC209664C9}.Ad-Hoc|ARM.ActiveCfg = Release|Any CPU
		{8BC7F7FC-CE3E-4E56-B086-C4EC209664C9}.Ad-Hoc|ARM.Build.0 = Release|Any CPU
		{8BC7F7FC-CE3E-4E56-B086-C4EC209664C9}.Ad-Hoc|ARM.Deploy.0 = Release|Any CPU
		{8BC7F7FC-CE3E-4E56-B086-C4EC209664C9}.Ad-Hoc|iPhone.ActiveCfg = Release|Any CPU
		{8BC7F7FC-CE3E-4E56-B086-C4EC209664C9}.Ad-Hoc|iPhone.Build.0 = Release|Any CPU
		{8BC7F7FC-CE3E-4E56-B086-C4EC209664C9}.Ad-Hoc|iPhone.Deploy.0 = Release|Any CPU
		{8BC7F7FC-CE3E-4E56-B086-C4EC209664C9}.Ad-Hoc|iPhoneSimulator.ActiveCfg = Release|Any CPU
		{8BC7F7FC-CE3E-4E56-B086-C4EC209664C9}.Ad-Hoc|iPhoneSimulator.Build.0 = Release|Any CPU
		{8BC7F7FC-CE3E-4E56-B086-C4EC209664C9}.Ad-Hoc|iPhoneSimulator.Deploy.0 = Release|Any CPU
		{8BC7F7FC-CE3E-4E56-B086-C4EC209664C9}.Ad-Hoc|x64.ActiveCfg = Release|Any CPU
		{8BC7F7FC-CE3E-4E56-B086-C4EC209664C9}.Ad-Hoc|x64.Build.0 = Release|Any CPU
		{8BC7F7FC-CE3E-4E56-B086-C4EC209664C9}.Ad-Hoc|x64.Deploy.0 = Release|Any CPU
		{8BC7F7FC-CE3E-4E56-B086-C4EC209664C9}.Ad-Hoc|x86.ActiveCfg = Release|Any CPU
		{8BC7F7FC-CE3E-4E56-B086-C4EC209664C9}.Ad-Hoc|x86.Build.0 = Release|Any CPU
		{8BC7F7FC-CE3E-4E56-B086-C4EC209664C9}.Ad-Hoc|x86.Deploy.0 = Release|Any CPU
		{8BC7F7FC-CE3E-4E56-B086-C4EC209664C9}.AppStore|Any CPU.ActiveCfg = Release|Any CPU
		{8BC7F7FC-CE3E-4E56-B086-C4EC209664C9}.AppStore|Any CPU.Build.0 = Release|Any CPU
		{8BC7F7FC-CE3E-4E56-B086-C4EC209664C9}.AppStore|Any CPU.Deploy.0 = Release|Any CPU
		{8BC7F7FC-CE3E-4E56-B086-C4EC209664C9}.AppStore|ARM.ActiveCfg = Release|Any CPU
		{8BC7F7FC-CE3E-4E56-B086-C4EC209664C9}.AppStore|ARM.Build.0 = Release|Any CPU
		{8BC7F7FC-CE3E-4E56-B086-C4EC209664C9}.AppStore|ARM.Deploy.0 = Release|Any CPU
		{8BC7F7FC-CE3E-4E56-B086-C4EC209664C9}.AppStore|iPhone.ActiveCfg = Release|Any CPU
		{8BC7F7FC-CE3E-4E56-B086-C4EC209664C9}.AppStore|iPhone.Build.0 = Release|Any CPU
		{8BC7F7FC-CE3E-4E56-B086-C4EC209664C9}.AppStore|iPhone.Deploy.0 = Release|Any CPU
		{8BC7F7FC-CE3E-4E56-B086-C4EC209664C9}.AppStore|iPhoneSimulator.ActiveCfg = Release|Any CPU
		{8BC7F7FC-CE3E-4E56-B086-C4EC209664C9}.AppStore|iPhoneSimulator.Build.0 = Release|Any CPU
		{8BC7F7FC-CE3E-4E56-B086-C4EC209664C9}.AppStore|iPhoneSimulator.Deploy.0 = Release|Any CPU
		{8BC7F7FC-CE3E-4E56-B086-C4EC209664C9}.AppStore|x64.ActiveCfg = Release|Any CPU
		{8BC7F7FC-CE3E-4E56-B086-C4EC209664C9}.AppStore|x64.Build.0 = Release|Any CPU
		{8BC7F7FC-CE3E-4E56-B086-C4EC209664C9}.AppStore|x64.Deploy.0 = Release|Any CPU
		{8BC7F7FC-CE3E-4E56-B086-C4EC209664C9}.AppStore|x86.ActiveCfg = Release|Any CPU
		{8BC7F7FC-CE3E-4E56-B086-C4EC209664C9}.AppStore|x86.Build.0 = Release|Any CPU
		{8BC7F7FC-CE3E-4E56-B086-C4EC209664C9}.AppStore|x86.Deploy.0 = Release|Any CPU
		{8BC7F7FC-CE3E-4E56-B086-C4EC209664C9}.Debug|Any CPU.ActiveCfg = Debug|Any CPU
		{8BC7F7FC-CE3E-4E56-B086-C4EC209664C9}.Debug|Any CPU.Build.0 = Debug|Any CPU
		{8BC7F7FC-CE3E-4E56-B086-C4EC209664C9}.Debug|Any CPU.Deploy.0 = Debug|Any CPU
		{8BC7F7FC-CE3E-4E56-B086-C4EC209664C9}.Debug|ARM.ActiveCfg = Debug|Any CPU
		{8BC7F7FC-CE3E-4E56-B086-C4EC209664C9}.Debug|ARM.Build.0 = Debug|Any CPU
		{8BC7F7FC-CE3E-4E56-B086-C4EC209664C9}.Debug|ARM.Deploy.0 = Debug|Any CPU
		{8BC7F7FC-CE3E-4E56-B086-C4EC209664C9}.Debug|iPhone.ActiveCfg = Debug|Any CPU
		{8BC7F7FC-CE3E-4E56-B086-C4EC209664C9}.Debug|iPhone.Build.0 = Debug|Any CPU
		{8BC7F7FC-CE3E-4E56-B086-C4EC209664C9}.Debug|iPhone.Deploy.0 = Debug|Any CPU
		{8BC7F7FC-CE3E-4E56-B086-C4EC209664C9}.Debug|iPhoneSimulator.ActiveCfg = Debug|Any CPU
		{8BC7F7FC-CE3E-4E56-B086-C4EC209664C9}.Debug|iPhoneSimulator.Build.0 = Debug|Any CPU
		{8BC7F7FC-CE3E-4E56-B086-C4EC209664C9}.Debug|iPhoneSimulator.Deploy.0 = Debug|Any CPU
		{8BC7F7FC-CE3E-4E56-B086-C4EC209664C9}.Debug|x64.ActiveCfg = Debug|Any CPU
		{8BC7F7FC-CE3E-4E56-B086-C4EC209664C9}.Debug|x64.Build.0 = Debug|Any CPU
		{8BC7F7FC-CE3E-4E56-B086-C4EC209664C9}.Debug|x64.Deploy.0 = Debug|Any CPU
		{8BC7F7FC-CE3E-4E56-B086-C4EC209664C9}.Debug|x86.ActiveCfg = Debug|Any CPU
		{8BC7F7FC-CE3E-4E56-B086-C4EC209664C9}.Debug|x86.Build.0 = Debug|Any CPU
		{8BC7F7FC-CE3E-4E56-B086-C4EC209664C9}.Debug|x86.Deploy.0 = Debug|Any CPU
		{8BC7F7FC-CE3E-4E56-B086-C4EC209664C9}.Release|Any CPU.ActiveCfg = Release|Any CPU
		{8BC7F7FC-CE3E-4E56-B086-C4EC209664C9}.Release|Any CPU.Build.0 = Release|Any CPU
		{8BC7F7FC-CE3E-4E56-B086-C4EC209664C9}.Release|Any CPU.Deploy.0 = Release|Any CPU
		{8BC7F7FC-CE3E-4E56-B086-C4EC209664C9}.Release|ARM.ActiveCfg = Release|Any CPU
		{8BC7F7FC-CE3E-4E56-B086-C4EC209664C9}.Release|ARM.Build.0 = Release|Any CPU
		{8BC7F7FC-CE3E-4E56-B086-C4EC209664C9}.Release|ARM.Deploy.0 = Release|Any CPU
		{8BC7F7FC-CE3E-4E56-B086-C4EC209664C9}.Release|iPhone.ActiveCfg = Release|Any CPU
		{8BC7F7FC-CE3E-4E56-B086-C4EC209664C9}.Release|iPhone.Build.0 = Release|Any CPU
		{8BC7F7FC-CE3E-4E56-B086-C4EC209664C9}.Release|iPhone.Deploy.0 = Release|Any CPU
		{8BC7F7FC-CE3E-4E56-B086-C4EC209664C9}.Release|iPhoneSimulator.ActiveCfg = Release|Any CPU
		{8BC7F7FC-CE3E-4E56-B086-C4EC209664C9}.Release|iPhoneSimulator.Build.0 = Release|Any CPU
		{8BC7F7FC-CE3E-4E56-B086-C4EC209664C9}.Release|iPhoneSimulator.Deploy.0 = Release|Any CPU
		{8BC7F7FC-CE3E-4E56-B086-C4EC209664C9}.Release|x64.ActiveCfg = Release|Any CPU
		{8BC7F7FC-CE3E-4E56-B086-C4EC209664C9}.Release|x64.Build.0 = Release|Any CPU
		{8BC7F7FC-CE3E-4E56-B086-C4EC209664C9}.Release|x64.Deploy.0 = Release|Any CPU
		{8BC7F7FC-CE3E-4E56-B086-C4EC209664C9}.Release|x86.ActiveCfg = Release|Any CPU
		{8BC7F7FC-CE3E-4E56-B086-C4EC209664C9}.Release|x86.Build.0 = Release|Any CPU
		{8BC7F7FC-CE3E-4E56-B086-C4EC209664C9}.Release|x86.Deploy.0 = Release|Any CPU
		{77CEA23E-C88C-483C-915F-D6D9D9B0AC9A}.Ad-Hoc|Any CPU.ActiveCfg = Ad-Hoc|iPhone
		{77CEA23E-C88C-483C-915F-D6D9D9B0AC9A}.Ad-Hoc|ARM.ActiveCfg = Ad-Hoc|iPhone
		{77CEA23E-C88C-483C-915F-D6D9D9B0AC9A}.Ad-Hoc|iPhone.ActiveCfg = Ad-Hoc|iPhone
		{77CEA23E-C88C-483C-915F-D6D9D9B0AC9A}.Ad-Hoc|iPhone.Build.0 = Ad-Hoc|iPhone
		{77CEA23E-C88C-483C-915F-D6D9D9B0AC9A}.Ad-Hoc|iPhoneSimulator.ActiveCfg = Ad-Hoc|iPhoneSimulator
		{77CEA23E-C88C-483C-915F-D6D9D9B0AC9A}.Ad-Hoc|iPhoneSimulator.Build.0 = Ad-Hoc|iPhoneSimulator
		{77CEA23E-C88C-483C-915F-D6D9D9B0AC9A}.Ad-Hoc|x64.ActiveCfg = Ad-Hoc|iPhone
		{77CEA23E-C88C-483C-915F-D6D9D9B0AC9A}.Ad-Hoc|x86.ActiveCfg = Ad-Hoc|iPhone
		{77CEA23E-C88C-483C-915F-D6D9D9B0AC9A}.AppStore|Any CPU.ActiveCfg = AppStore|iPhone
		{77CEA23E-C88C-483C-915F-D6D9D9B0AC9A}.AppStore|ARM.ActiveCfg = AppStore|iPhone
		{77CEA23E-C88C-483C-915F-D6D9D9B0AC9A}.AppStore|iPhone.ActiveCfg = AppStore|iPhone
		{77CEA23E-C88C-483C-915F-D6D9D9B0AC9A}.AppStore|iPhone.Build.0 = AppStore|iPhone
		{77CEA23E-C88C-483C-915F-D6D9D9B0AC9A}.AppStore|iPhoneSimulator.ActiveCfg = AppStore|iPhoneSimulator
		{77CEA23E-C88C-483C-915F-D6D9D9B0AC9A}.AppStore|iPhoneSimulator.Build.0 = AppStore|iPhoneSimulator
		{77CEA23E-C88C-483C-915F-D6D9D9B0AC9A}.AppStore|x64.ActiveCfg = AppStore|iPhone
		{77CEA23E-C88C-483C-915F-D6D9D9B0AC9A}.AppStore|x86.ActiveCfg = AppStore|iPhone
		{77CEA23E-C88C-483C-915F-D6D9D9B0AC9A}.Debug|Any CPU.ActiveCfg = Debug|iPhone
		{77CEA23E-C88C-483C-915F-D6D9D9B0AC9A}.Debug|ARM.ActiveCfg = Debug|iPhone
		{77CEA23E-C88C-483C-915F-D6D9D9B0AC9A}.Debug|iPhone.ActiveCfg = Debug|iPhone
		{77CEA23E-C88C-483C-915F-D6D9D9B0AC9A}.Debug|iPhone.Build.0 = Debug|iPhone
		{77CEA23E-C88C-483C-915F-D6D9D9B0AC9A}.Debug|iPhoneSimulator.ActiveCfg = Debug|iPhoneSimulator
		{77CEA23E-C88C-483C-915F-D6D9D9B0AC9A}.Debug|iPhoneSimulator.Build.0 = Debug|iPhoneSimulator
		{77CEA23E-C88C-483C-915F-D6D9D9B0AC9A}.Debug|x64.ActiveCfg = Debug|iPhone
		{77CEA23E-C88C-483C-915F-D6D9D9B0AC9A}.Debug|x86.ActiveCfg = Debug|iPhone
		{77CEA23E-C88C-483C-915F-D6D9D9B0AC9A}.Release|Any CPU.ActiveCfg = Release|iPhone
		{77CEA23E-C88C-483C-915F-D6D9D9B0AC9A}.Release|ARM.ActiveCfg = Release|iPhone
		{77CEA23E-C88C-483C-915F-D6D9D9B0AC9A}.Release|iPhone.ActiveCfg = Release|iPhone
		{77CEA23E-C88C-483C-915F-D6D9D9B0AC9A}.Release|iPhone.Build.0 = Release|iPhone
		{77CEA23E-C88C-483C-915F-D6D9D9B0AC9A}.Release|iPhoneSimulator.ActiveCfg = Release|iPhoneSimulator
		{77CEA23E-C88C-483C-915F-D6D9D9B0AC9A}.Release|iPhoneSimulator.Build.0 = Release|iPhoneSimulator
		{77CEA23E-C88C-483C-915F-D6D9D9B0AC9A}.Release|x64.ActiveCfg = Release|iPhone
		{77CEA23E-C88C-483C-915F-D6D9D9B0AC9A}.Release|x86.ActiveCfg = Release|iPhone
		{9C7111F4-698B-4FD7-B3DC-3F0DABAF976F}.Ad-Hoc|Any CPU.ActiveCfg = Release|x86
		{9C7111F4-698B-4FD7-B3DC-3F0DABAF976F}.Ad-Hoc|Any CPU.Build.0 = Release|x86
		{9C7111F4-698B-4FD7-B3DC-3F0DABAF976F}.Ad-Hoc|Any CPU.Deploy.0 = Release|x86
		{9C7111F4-698B-4FD7-B3DC-3F0DABAF976F}.Ad-Hoc|ARM.ActiveCfg = Release|ARM
		{9C7111F4-698B-4FD7-B3DC-3F0DABAF976F}.Ad-Hoc|ARM.Build.0 = Release|ARM
		{9C7111F4-698B-4FD7-B3DC-3F0DABAF976F}.Ad-Hoc|ARM.Deploy.0 = Release|ARM
		{9C7111F4-698B-4FD7-B3DC-3F0DABAF976F}.Ad-Hoc|iPhone.ActiveCfg = Release|x86
		{9C7111F4-698B-4FD7-B3DC-3F0DABAF976F}.Ad-Hoc|iPhone.Build.0 = Release|x86
		{9C7111F4-698B-4FD7-B3DC-3F0DABAF976F}.Ad-Hoc|iPhone.Deploy.0 = Release|x86
		{9C7111F4-698B-4FD7-B3DC-3F0DABAF976F}.Ad-Hoc|iPhoneSimulator.ActiveCfg = Release|x86
		{9C7111F4-698B-4FD7-B3DC-3F0DABAF976F}.Ad-Hoc|iPhoneSimulator.Build.0 = Release|x86
		{9C7111F4-698B-4FD7-B3DC-3F0DABAF976F}.Ad-Hoc|iPhoneSimulator.Deploy.0 = Release|x86
		{9C7111F4-698B-4FD7-B3DC-3F0DABAF976F}.Ad-Hoc|x64.ActiveCfg = Release|x64
		{9C7111F4-698B-4FD7-B3DC-3F0DABAF976F}.Ad-Hoc|x64.Build.0 = Release|x64
		{9C7111F4-698B-4FD7-B3DC-3F0DABAF976F}.Ad-Hoc|x64.Deploy.0 = Release|x64
		{9C7111F4-698B-4FD7-B3DC-3F0DABAF976F}.Ad-Hoc|x86.ActiveCfg = Release|x86
		{9C7111F4-698B-4FD7-B3DC-3F0DABAF976F}.Ad-Hoc|x86.Build.0 = Release|x86
		{9C7111F4-698B-4FD7-B3DC-3F0DABAF976F}.Ad-Hoc|x86.Deploy.0 = Release|x86
		{9C7111F4-698B-4FD7-B3DC-3F0DABAF976F}.AppStore|Any CPU.ActiveCfg = Release|x86
		{9C7111F4-698B-4FD7-B3DC-3F0DABAF976F}.AppStore|Any CPU.Build.0 = Release|x86
		{9C7111F4-698B-4FD7-B3DC-3F0DABAF976F}.AppStore|Any CPU.Deploy.0 = Release|x86
		{9C7111F4-698B-4FD7-B3DC-3F0DABAF976F}.AppStore|ARM.ActiveCfg = Release|ARM
		{9C7111F4-698B-4FD7-B3DC-3F0DABAF976F}.AppStore|ARM.Build.0 = Release|ARM
		{9C7111F4-698B-4FD7-B3DC-3F0DABAF976F}.AppStore|ARM.Deploy.0 = Release|ARM
		{9C7111F4-698B-4FD7-B3DC-3F0DABAF976F}.AppStore|iPhone.ActiveCfg = Release|x86
		{9C7111F4-698B-4FD7-B3DC-3F0DABAF976F}.AppStore|iPhone.Build.0 = Release|x86
		{9C7111F4-698B-4FD7-B3DC-3F0DABAF976F}.AppStore|iPhone.Deploy.0 = Release|x86
		{9C7111F4-698B-4FD7-B3DC-3F0DABAF976F}.AppStore|iPhoneSimulator.ActiveCfg = Release|x86
		{9C7111F4-698B-4FD7-B3DC-3F0DABAF976F}.AppStore|iPhoneSimulator.Build.0 = Release|x86
		{9C7111F4-698B-4FD7-B3DC-3F0DABAF976F}.AppStore|iPhoneSimulator.Deploy.0 = Release|x86
		{9C7111F4-698B-4FD7-B3DC-3F0DABAF976F}.AppStore|x64.ActiveCfg = Release|x64
		{9C7111F4-698B-4FD7-B3DC-3F0DABAF976F}.AppStore|x64.Build.0 = Release|x64
		{9C7111F4-698B-4FD7-B3DC-3F0DABAF976F}.AppStore|x64.Deploy.0 = Release|x64
		{9C7111F4-698B-4FD7-B3DC-3F0DABAF976F}.AppStore|x86.ActiveCfg = Release|x86
		{9C7111F4-698B-4FD7-B3DC-3F0DABAF976F}.AppStore|x86.Build.0 = Release|x86
		{9C7111F4-698B-4FD7-B3DC-3F0DABAF976F}.AppStore|x86.Deploy.0 = Release|x86
		{9C7111F4-698B-4FD7-B3DC-3F0DABAF976F}.Debug|Any CPU.ActiveCfg = Debug|x86
		{9C7111F4-698B-4FD7-B3DC-3F0DABAF976F}.Debug|ARM.ActiveCfg = Debug|ARM
		{9C7111F4-698B-4FD7-B3DC-3F0DABAF976F}.Debug|ARM.Build.0 = Debug|ARM
		{9C7111F4-698B-4FD7-B3DC-3F0DABAF976F}.Debug|ARM.Deploy.0 = Debug|ARM
		{9C7111F4-698B-4FD7-B3DC-3F0DABAF976F}.Debug|iPhone.ActiveCfg = Debug|x86
		{9C7111F4-698B-4FD7-B3DC-3F0DABAF976F}.Debug|iPhoneSimulator.ActiveCfg = Debug|x86
		{9C7111F4-698B-4FD7-B3DC-3F0DABAF976F}.Debug|x64.ActiveCfg = Debug|x64
		{9C7111F4-698B-4FD7-B3DC-3F0DABAF976F}.Debug|x64.Build.0 = Debug|x64
		{9C7111F4-698B-4FD7-B3DC-3F0DABAF976F}.Debug|x64.Deploy.0 = Debug|x64
		{9C7111F4-698B-4FD7-B3DC-3F0DABAF976F}.Debug|x86.ActiveCfg = Debug|x86
		{9C7111F4-698B-4FD7-B3DC-3F0DABAF976F}.Debug|x86.Build.0 = Debug|x86
		{9C7111F4-698B-4FD7-B3DC-3F0DABAF976F}.Debug|x86.Deploy.0 = Debug|x86
		{9C7111F4-698B-4FD7-B3DC-3F0DABAF976F}.Release|Any CPU.ActiveCfg = Release|x86
		{9C7111F4-698B-4FD7-B3DC-3F0DABAF976F}.Release|ARM.ActiveCfg = Release|ARM
		{9C7111F4-698B-4FD7-B3DC-3F0DABAF976F}.Release|ARM.Build.0 = Release|ARM
		{9C7111F4-698B-4FD7-B3DC-3F0DABAF976F}.Release|ARM.Deploy.0 = Release|ARM
		{9C7111F4-698B-4FD7-B3DC-3F0DABAF976F}.Release|iPhone.ActiveCfg = Release|x86
		{9C7111F4-698B-4FD7-B3DC-3F0DABAF976F}.Release|iPhoneSimulator.ActiveCfg = Release|x86
		{9C7111F4-698B-4FD7-B3DC-3F0DABAF976F}.Release|x64.ActiveCfg = Release|x64
		{9C7111F4-698B-4FD7-B3DC-3F0DABAF976F}.Release|x64.Build.0 = Release|x64
		{9C7111F4-698B-4FD7-B3DC-3F0DABAF976F}.Release|x64.Deploy.0 = Release|x64
		{9C7111F4-698B-4FD7-B3DC-3F0DABAF976F}.Release|x86.ActiveCfg = Release|x86
		{9C7111F4-698B-4FD7-B3DC-3F0DABAF976F}.Release|x86.Build.0 = Release|x86
		{9C7111F4-698B-4FD7-B3DC-3F0DABAF976F}.Release|x86.Deploy.0 = Release|x86
	EndGlobalSection
	GlobalSection(SolutionProperties) = preSolution
		HideSolutionNode = FALSE
	EndGlobalSection
	GlobalSection(ExtensibilityGlobals) = postSolution
		SolutionGuid = {2DF74467-BA9F-492D-880C-3E5AC7882BA7}
	EndGlobalSection
EndGlobal
